<Solution>
  <Folder Name="/Task0/">
    <Project Path="Tyuiu.BelovolovVS.Sprint1.Task0.V18.Lib/Tyuiu.BelovolovVS.Sprint1.Task0.V18.Lib.csproj" />
    <Project Path="Tyuiu.BelovolovVS.Sprint1.Task0.V18.Test/Tyuiu.BelovolovVS.Sprint1.Task0.V18.Test.csproj" />
    <Project Path="Tyuiu.BelovolovVS.Sprint1.Task0.V18/Tyuiu.BelovolovVS.Sprint1.Task0.V18.csproj" />
  </Folder>
</Solution>
