<Solution>
  <Folder Name="/Task0/">
    <Project Path="Tyuiu.BelovolovVS.Sprint1.Task0.V18.Lib/Tyuiu.BelovolovVS.Sprint1.Task0.V18.Lib.csproj" />
    <Project Path="Tyuiu.BelovolovVS.Sprint1.Task0.V18.Test/Tyuiu.BelovolovVS.Sprint1.Task0.V18.Test.csproj" />
    <Project Path="Tyuiu.BelovolovVS.Sprint1.Task0.V18/Tyuiu.BelovolovVS.Sprint1.Task0.V18.csproj" />
  </Folder>
  <Folder Name="/Task1/">
    <Project Path="Tyuiu.BelovolovVS.Sprint1.Task1.V26.Lib/Tyuiu.BelovolovVS.Sprint1.Task1.V26.Lib.csproj" />
    <Project Path="Tyuiu.BelovolovVS.Sprint1.Task1.V26.Test/Tyuiu.BelovolovVS.Sprint1.Task1.V26.Test.csproj" />
    <Project Path="Tyuiu.BelovolovVS.Sprint1.Task1.V26/Tyuiu.BelovolovVS.Sprint1.Task1.V26.csproj" />
  </Folder>
  <Folder Name="/Task2/">
    <Project Path="Tyuiu.BelovolovVS.Sprint1.Task2.V29.Lib/Tyuiu.BelovolovVS.Sprint1.Task2.V29.Lib.csproj" Id="ff598f5d-f5b5-4d50-8172-46f106d6804c" />
    <Project Path="Tyuiu.BelovolovVS.Sprint1.Task2.V29.Test/Tyuiu.BelovolovVS.Sprint1.Task2.V29.Test.csproj" Id="c9985505-3cf7-46a7-b979-21ea1180f5c1" />
    <Project Path="Tyuiu.BelovolovVS.Sprint1.Task2.V29/Tyuiu.BelovolovVS.Sprint1.Task2.V29.csproj" Id="0a917c4a-8649-43d2-b3b9-89c53b43fa2b" />
  </Folder>
  <Folder Name="/Task3/">
    <Project Path="Tyuiu.BelovolovVS.Sprint1.Task3.V2.Lib/Tyuiu.BelovolovVS.Sprint1.Task3.V2.Lib.csproj" Id="41b6807b-06f7-4547-999c-4df2852ad84b" />
    <Project Path="Tyuiu.BelovolovVS.Sprint1.Task3.V2.Test/Tyuiu.BelovolovVS.Sprint1.Task3.V2.Test.csproj" Id="b6851fd0-f5ff-450a-893e-8e0744dc0424" />
    <Project Path="Tyuiu.BelovolovVS.Sprint1.Task3.V2/Tyuiu.BelovolovVS.Sprint1.Task3.V2.csproj" Id="08484bad-3eb3-43ed-b382-828bed7445fb" />
  </Folder>
  <Folder Name="/Task4/">
    <Project Path="Tyuiu.BelovolovVS.Sprint1.Task4.V26.Lib/Tyuiu.BelovolovVS.Sprint1.Task4.V26.Lib.csproj" Id="8ed28964-8ee5-4522-a410-9a49e28fbdf3" />
    <Project Path="Tyuiu.BelovolovVS.Sprint1.Task4.V26.Test/Tyuiu.BelovolovVS.Sprint1.Task4.V26.Test.csproj" Id="44a48cc0-d3b2-4f16-ad50-37fd85ceebd6" />
    <Project Path="Tyuiu.BelovolovVS.Sprint1.Task4.V26/Tyuiu.BelovolovVS.Sprint1.Task4.V26.csproj" Id="ce53c0c5-bc9f-4dd4-9c7e-72398ffdeb69" />
  </Folder>
</Solution>
