<Solution>
  <Folder Name="/Task0/">
    <Project Path="Tyuiu.BelovolovVS.Sprint1.Task0.V18.Lib/Tyuiu.BelovolovVS.Sprint1.Task0.V18.Lib.csproj" />
    <Project Path="Tyuiu.BelovolovVS.Sprint1.Task0.V18.Test/Tyuiu.BelovolovVS.Sprint1.Task0.V18.Test.csproj" />
    <Project Path="Tyuiu.BelovolovVS.Sprint1.Task0.V18/Tyuiu.BelovolovVS.Sprint1.Task0.V18.csproj" />
  </Folder>
  <Folder Name="/Task1/">
    <Project Path="Tyuiu.BelovolovVS.Sprint1.Task1.V26.Lib/Tyuiu.BelovolovVS.Sprint1.Task1.V26.Lib.csproj" />
    <Project Path="Tyuiu.BelovolovVS.Sprint1.Task1.V26.Test/Tyuiu.BelovolovVS.Sprint1.Task1.V26.Test.csproj" />
    <Project Path="Tyuiu.BelovolovVS.Sprint1.Task1.V26/Tyuiu.BelovolovVS.Sprint1.Task1.V26.csproj" />
  </Folder>
  <Folder Name="/Task2/">
    <Project Path="Tyuiu.BelovolovVS.Sprint1.Task2.V29.Lib/Tyuiu.BelovolovVS.Sprint1.Task2.V29.Lib.csproj" Id="ff598f5d-f5b5-4d50-8172-46f106d6804c" />
    <Project Path="Tyuiu.BelovolovVS.Sprint1.Task2.V29.Test/Tyuiu.BelovolovVS.Sprint1.Task2.V29.Test.csproj" Id="c9985505-3cf7-46a7-b979-21ea1180f5c1" />
    <Project Path="Tyuiu.BelovolovVS.Sprint1.Task2.V29/Tyuiu.BelovolovVS.Sprint1.Task2.V29.csproj" Id="0a917c4a-8649-43d2-b3b9-89c53b43fa2b" />
  </Folder>
  <Folder Name="/Task3/">
    <Project Path="Tyuiu.BelovolovVS.Sprint1.Task3.V2.Lib/Tyuiu.BelovolovVS.Sprint1.Task3.V2.Lib.csproj" Id="41b6807b-06f7-4547-999c-4df2852ad84b" />
    <Project Path="Tyuiu.BelovolovVS.Sprint1.Task3.V2.Test/Tyuiu.BelovolovVS.Sprint1.Task3.V2.Test.csproj" Id="b6851fd0-f5ff-450a-893e-8e0744dc0424" />
    <Project Path="Tyuiu.BelovolovVS.Sprint1.Task3.V2/Tyuiu.BelovolovVS.Sprint1.Task3.V2.csproj" Id="08484bad-3eb3-43ed-b382-828bed7445fb" />
  </Folder>
  <Folder Name="/Task4/">
    <Project Path="Tyuiu.BelovolovVS.Sprint1.Task4.V26.Lib/Tyuiu.BelovolovVS.Sprint1.Task4.V26.Lib.csproj" Id="8ed28964-8ee5-4522-a410-9a49e28fbdf3" />
    <Project Path="Tyuiu.BelovolovVS.Sprint1.Task4.V26.Test/Tyuiu.BelovolovVS.Sprint1.Task4.V26.Test.csproj" Id="44a48cc0-d3b2-4f16-ad50-37fd85ceebd6" />
    <Project Path="Tyuiu.BelovolovVS.Sprint1.Task4.V26/Tyuiu.BelovolovVS.Sprint1.Task4.V26.csproj" Id="ce53c0c5-bc9f-4dd4-9c7e-72398ffdeb69" />
  </Folder>
  <Folder Name="/Task5/">
    <Project Path="Tyuiu.BelovolovVS.Sprint1.Task5.V5.Lib/Tyuiu.BelovolovVS.Sprint1.Task5.V5.Lib.csproj" Id="ce96b783-f708-4eca-b2ad-95e296edbfc6" />
    <Project Path="Tyuiu.BelovolovVS.Sprint1.Task5.V5.Test/Tyuiu.BelovolovVS.Sprint1.Task5.V5.Test.csproj" Id="6a1d0593-b88d-49f0-9a7f-f44ab2730064" />
    <Project Path="Tyuiu.BelovolovVS.Sprint1.Task5.V5/Tyuiu.BelovolovVS.Sprint1.Task5.V5.csproj" Id="5a41d6be-2c2f-48cc-91fb-c9c311bd0b57" />
  </Folder>
  <Folder Name="/Task6/">
    <Project Path="Tyuiu.BelovolovVS.Sprint1.Task6.V16.Lib/Tyuiu.BelovolovVS.Sprint1.Task6.V16.Lib.csproj" Id="f993c3a6-5aa4-43c1-a06b-a4350f387751" />
    <Project Path="Tyuiu.BelovolovVS.Sprint1.Task6.V16.Test/Tyuiu.BelovolovVS.Sprint1.Task6.V16.Test.csproj" Id="1ffdf643-51ba-4689-aa6b-b26293911e19" />
    <Project Path="Tyuiu.BelovolovVS.Sprint1.Task6.V16/Tyuiu.BelovolovVS.Sprint1.Task6.V16.csproj" Id="f0b71354-5ebe-4bb6-8c3b-049d117dfe7f" />
  </Folder>
  <Folder Name="/Task7/">
    <Project Path="Tyuiu.BelovolovVS.Sprint1.Task7.V19.Lib/Tyuiu.BelovolovVS.Sprint1.Task7.V19.Lib.csproj" Id="35cb97fc-749f-4283-b7b3-71a3c24ed4b5" />
    <Project Path="Tyuiu.BelovolovVS.Sprint1.Task7.V19.Test/Tyuiu.BelovolovVS.Sprint1.Task7.V19.Test.csproj" Id="1977c5ea-097f-44c9-91dd-ca2ebb1b7bba" />
    <Project Path="Tyuiu.BelovolovVS.Sprint1.Task7.V19/Tyuiu.BelovolovVS.Sprint1.Task7.V19.csproj" Id="47373dde-1935-4ba0-bdb6-741a81820435" />
  </Folder>
</Solution>
